
Microsoft Visual Studio Solution File, Format Version 12.00
# Visual Studio Version 17
VisualStudioVersion = 17.2.32630.192
MinimumVisualStudioVersion = 10.0.40219.1
Project("{FAE04EC0-301F-11D3-BF4B-00C04F79EFBC}") = "ShapesLibrary", "ShapesLibrary\ShapesLibrary.csproj", "{22607A19-CAF1-46C6-9AF3-1C0482DB0C13}"
EndProject
Project("{FAE04EC0-301F-11D3-BF4B-00C04F79EFBC}") = "TestProject1", "TestProject1\TestProject1.csproj", "{BC8429A4-CC38-422C-B859-DFF51BCBC8AD}"
EndProject
Global
	GlobalSection(SolutionConfigurationPlatforms) = preSolution
		Debug|Any CPU = Debug|Any CPU
		Release|Any CPU = Release|Any CPU
	EndGlobalSection
	GlobalSection(ProjectConfigurationPlatforms) = postSolution
		{22607A19-CAF1-46C6-9AF3-1C0482DB0C13}.Debug|Any CPU.ActiveCfg = Debug|Any CPU
		{22607A19-CAF1-46C6-9AF3-1C0482DB0C13}.Debug|Any CPU.Build.0 = Debug|Any CPU
		{22607A19-CAF1-46C6-9AF3-1C0482DB0C13}.Release|Any CPU.ActiveCfg = Release|Any CPU
		{22607A19-CAF1-46C6-9AF3-1C0482DB0C13}.Release|Any CPU.Build.0 = Release|Any CPU
		{BC8429A4-CC38-422C-B859-DFF51BCBC8AD}.Debug|Any CPU.ActiveCfg = Debug|Any CPU
		{BC8429A4-CC38-422C-B859-DFF51BCBC8AD}.Debug|Any CPU.Build.0 = Debug|Any CPU
		{BC8429A4-CC38-422C-B859-DFF51BCBC8AD}.Release|Any CPU.ActiveCfg = Release|Any CPU
		{BC8429A4-CC38-422C-B859-DFF51BCBC8AD}.Release|Any CPU.Build.0 = Release|Any CPU
	EndGlobalSection
	GlobalSection(SolutionProperties) = preSolution
		HideSolutionNode = FALSE
	EndGlobalSection
	GlobalSection(ExtensibilityGlobals) = postSolution
		SolutionGuid = {B83F3423-F040-4215-A277-26BE244BC540}
	EndGlobalSection
EndGlobal
